# generated by rye
# use `rye lock` or `rye sync` to update this lockfile
#
# last locked with the following flags:
#   pre: false
#   features: []
#   all-features: false

-e file:.
cbor2==5.4.6
iniconfig==2.0.0
packaging==23.1
pluggy==1.2.0
pytest==7.4.0
pytest-asyncio==0.21.1
# The following packages are considered to be unsafe in a requirements file:
setuptools==68.1.2
